
Microsoft Visual Studio Solution File, Format Version 12.00
# Visual Studio Version 17
VisualStudioVersion = 17.3.32922.545
MinimumVisualStudioVersion = 10.0.40219.1
Project("{2150E333-8FDC-42A3-9474-1A3956D46DE8}") = "Microservices", "Microservices", "{853BB9E6-634F-466C-8E6B-BECBF014E7F0}"
EndProject
Project("{9A19103F-16F7-4668-BE54-9A1E7A4F7556}") = "MovieService", "MovieService\MovieService.csproj", "{C5C32CE3-9EF2-4303-8D1D-0FACEAE66DC3}"
EndProject
Project("{E53339B2-1760-4266-BCC7-CA923CBCF16C}") = "docker-compose", "docker-compose.dcproj", "{D116D2D7-4778-4BFF-9109-E368DB6BCB2E}"
EndProject
Project("{2150E333-8FDC-42A3-9474-1A3956D46DE8}") = "ApiGateway", "ApiGateway", "{77800A82-D627-468C-B835-B22FBBF05356}"
EndProject
Project("{9A19103F-16F7-4668-BE54-9A1E7A4F7556}") = "ApiGateway", "ApiGateway\ApiGateway.csproj", "{805752E8-816A-45AD-85E4-EA0C2091695E}"
EndProject
Project("{9A19103F-16F7-4668-BE54-9A1E7A4F7556}") = "JwtAuthenticationManager", "JwtAuthenticationManager\JwtAuthenticationManager.csproj", "{9E427050-AD77-4427-93F4-A941813EE35C}"
EndProject
Project("{9A19103F-16F7-4668-BE54-9A1E7A4F7556}") = "AuthenticationService", "AuthenticationService\AuthenticationService.csproj", "{F3644238-EB60-4EF8-9819-B476CC5F64FB}"
EndProject
Project("{54A90642-561A-4BB1-A94E-469ADEE60C69}") = "frontend", "frontend\frontend.esproj", "{ADAC43D2-4892-49FD-BC92-695B71659720}"
EndProject
Project("{9A19103F-16F7-4668-BE54-9A1E7A4F7556}") = "UserService", "UserService\UserService.csproj", "{790DA11E-537F-4CF9-87B7-EADB638CB5DE}"
EndProject
Global
	GlobalSection(SolutionConfigurationPlatforms) = preSolution
		Debug|Any CPU = Debug|Any CPU
		Release|Any CPU = Release|Any CPU
	EndGlobalSection
	GlobalSection(ProjectConfigurationPlatforms) = postSolution
		{C5C32CE3-9EF2-4303-8D1D-0FACEAE66DC3}.Debug|Any CPU.ActiveCfg = Debug|Any CPU
		{C5C32CE3-9EF2-4303-8D1D-0FACEAE66DC3}.Debug|Any CPU.Build.0 = Debug|Any CPU
		{C5C32CE3-9EF2-4303-8D1D-0FACEAE66DC3}.Release|Any CPU.ActiveCfg = Release|Any CPU
		{C5C32CE3-9EF2-4303-8D1D-0FACEAE66DC3}.Release|Any CPU.Build.0 = Release|Any CPU
		{D116D2D7-4778-4BFF-9109-E368DB6BCB2E}.Debug|Any CPU.ActiveCfg = Debug|Any CPU
		{D116D2D7-4778-4BFF-9109-E368DB6BCB2E}.Debug|Any CPU.Build.0 = Debug|Any CPU
		{D116D2D7-4778-4BFF-9109-E368DB6BCB2E}.Release|Any CPU.ActiveCfg = Release|Any CPU
		{D116D2D7-4778-4BFF-9109-E368DB6BCB2E}.Release|Any CPU.Build.0 = Release|Any CPU
		{805752E8-816A-45AD-85E4-EA0C2091695E}.Debug|Any CPU.ActiveCfg = Debug|Any CPU
		{805752E8-816A-45AD-85E4-EA0C2091695E}.Debug|Any CPU.Build.0 = Debug|Any CPU
		{805752E8-816A-45AD-85E4-EA0C2091695E}.Release|Any CPU.ActiveCfg = Release|Any CPU
		{805752E8-816A-45AD-85E4-EA0C2091695E}.Release|Any CPU.Build.0 = Release|Any CPU
		{9E427050-AD77-4427-93F4-A941813EE35C}.Debug|Any CPU.ActiveCfg = Debug|Any CPU
		{9E427050-AD77-4427-93F4-A941813EE35C}.Debug|Any CPU.Build.0 = Debug|Any CPU
		{9E427050-AD77-4427-93F4-A941813EE35C}.Release|Any CPU.ActiveCfg = Release|Any CPU
		{9E427050-AD77-4427-93F4-A941813EE35C}.Release|Any CPU.Build.0 = Release|Any CPU
		{F3644238-EB60-4EF8-9819-B476CC5F64FB}.Debug|Any CPU.ActiveCfg = Debug|Any CPU
		{F3644238-EB60-4EF8-9819-B476CC5F64FB}.Debug|Any CPU.Build.0 = Debug|Any CPU
		{F3644238-EB60-4EF8-9819-B476CC5F64FB}.Release|Any CPU.ActiveCfg = Release|Any CPU
		{F3644238-EB60-4EF8-9819-B476CC5F64FB}.Release|Any CPU.Build.0 = Release|Any CPU
		{ADAC43D2-4892-49FD-BC92-695B71659720}.Debug|Any CPU.ActiveCfg = Debug|Any CPU
		{ADAC43D2-4892-49FD-BC92-695B71659720}.Debug|Any CPU.Build.0 = Debug|Any CPU
		{ADAC43D2-4892-49FD-BC92-695B71659720}.Debug|Any CPU.Deploy.0 = Debug|Any CPU
		{ADAC43D2-4892-49FD-BC92-695B71659720}.Release|Any CPU.ActiveCfg = Release|Any CPU
		{ADAC43D2-4892-49FD-BC92-695B71659720}.Release|Any CPU.Build.0 = Release|Any CPU
		{ADAC43D2-4892-49FD-BC92-695B71659720}.Release|Any CPU.Deploy.0 = Release|Any CPU
		{790DA11E-537F-4CF9-87B7-EADB638CB5DE}.Debug|Any CPU.ActiveCfg = Debug|Any CPU
		{790DA11E-537F-4CF9-87B7-EADB638CB5DE}.Debug|Any CPU.Build.0 = Debug|Any CPU
		{790DA11E-537F-4CF9-87B7-EADB638CB5DE}.Release|Any CPU.ActiveCfg = Release|Any CPU
		{790DA11E-537F-4CF9-87B7-EADB638CB5DE}.Release|Any CPU.Build.0 = Release|Any CPU
	EndGlobalSection
	GlobalSection(SolutionProperties) = preSolution
		HideSolutionNode = FALSE
	EndGlobalSection
	GlobalSection(NestedProjects) = preSolution
		{C5C32CE3-9EF2-4303-8D1D-0FACEAE66DC3} = {853BB9E6-634F-466C-8E6B-BECBF014E7F0}
		{805752E8-816A-45AD-85E4-EA0C2091695E} = {77800A82-D627-468C-B835-B22FBBF05356}
		{F3644238-EB60-4EF8-9819-B476CC5F64FB} = {853BB9E6-634F-466C-8E6B-BECBF014E7F0}
		{790DA11E-537F-4CF9-87B7-EADB638CB5DE} = {853BB9E6-634F-466C-8E6B-BECBF014E7F0}
	EndGlobalSection
	GlobalSection(ExtensibilityGlobals) = postSolution
		SolutionGuid = {7DABA800-FE72-42DC-90CC-664CDA62F362}
	EndGlobalSection
EndGlobal
